
Microsoft Visual Studio Solution File, Format Version 12.00
# Visual Studio Version 17
VisualStudioVersion = 17.6.33815.320
MinimumVisualStudioVersion = 10.0.40219.1
Project("{FAE04EC0-301F-11D3-BF4B-00C04F79EFBC}") = "WindowMessagingAPI", "WindowMessagingAPI\WindowMessagingAPI.csproj", "{1011F8A9-14EC-4C41-9D66-C4CA063F3B52}"
EndProject
Global
	GlobalSection(SolutionConfigurationPlatforms) = preSolution
		Debug|Any CPU = Debug|Any CPU
		Release|Any CPU = Release|Any CPU
	EndGlobalSection
	GlobalSection(ProjectConfigurationPlatforms) = postSolution
		{1011F8A9-14EC-4C41-9D66-C4CA063F3B52}.Debug|Any CPU.ActiveCfg = Debug|Any CPU
		{1011F8A9-14EC-4C41-9D66-C4CA063F3B52}.Debug|Any CPU.Build.0 = Debug|Any CPU
		{1011F8A9-14EC-4C41-9D66-C4CA063F3B52}.Release|Any CPU.ActiveCfg = Release|Any CPU
		{1011F8A9-14EC-4C41-9D66-C4CA063F3B52}.Release|Any CPU.Build.0 = Release|Any CPU
	EndGlobalSection
	GlobalSection(SolutionProperties) = preSolution
		HideSolutionNode = FALSE
	EndGlobalSection
	GlobalSection(ExtensibilityGlobals) = postSolution
		SolutionGuid = {45D752E2-9C5A-4D92-BCFA-813B35220A5B}
	EndGlobalSection
EndGlobal
